
Microsoft Visual Studio Solution File, Format Version 12.00
# Visual Studio Version 17
VisualStudioVersion = 17.5.002.0
MinimumVisualStudioVersion = 10.0.40219.1
Project("{9A19103F-16F7-4668-BE54-9A1E7A4F7556}") = "Lab3", "Lab3.csproj", "{D1BF6055-BD6A-424E-8D51-EB7B9067B2C5}"
EndProject
Global
	GlobalSection(SolutionConfigurationPlatforms) = preSolution
		Debug|Any CPU = Debug|Any CPU
		Release|Any CPU = Release|Any CPU
	EndGlobalSection
	GlobalSection(ProjectConfigurationPlatforms) = postSolution
		{D1BF6055-BD6A-424E-8D51-EB7B9067B2C5}.Debug|Any CPU.ActiveCfg = Debug|Any CPU
		{D1BF6055-BD6A-424E-8D51-EB7B9067B2C5}.Debug|Any CPU.Build.0 = Debug|Any CPU
		{D1BF6055-BD6A-424E-8D51-EB7B9067B2C5}.Release|Any CPU.ActiveCfg = Release|Any CPU
		{D1BF6055-BD6A-424E-8D51-EB7B9067B2C5}.Release|Any CPU.Build.0 = Release|Any CPU
	EndGlobalSection
	GlobalSection(SolutionProperties) = preSolution
		HideSolutionNode = FALSE
	EndGlobalSection
	GlobalSection(ExtensibilityGlobals) = postSolution
		SolutionGuid = {00C6C858-7D54-4E4E-9672-F1800498D50D}
	EndGlobalSection
EndGlobal
